
Microsoft Visual Studio Solution File, Format Version 12.00
# Visual Studio Version 17
VisualStudioVersion = 17.2.32526.322
MinimumVisualStudioVersion = 10.0.40219.1
Project("{FAE04EC0-301F-11D3-BF4B-00C04F79EFBC}") = "Trigger.Android", "Trigger.Android\Trigger.Android.csproj", "{52ED4B3E-E9AE-404F-B9CC-02AB8FD98AA9}"
EndProject
Project("{FAE04EC0-301F-11D3-BF4B-00C04F79EFBC}") = "Trigger", "Trigger\Trigger.csproj", "{E7A562C3-93BE-46C4-8703-4466EE0EEE3C}"
EndProject
Global
	GlobalSection(SolutionConfigurationPlatforms) = preSolution
		Debug|Any CPU = Debug|Any CPU
		Release|Any CPU = Release|Any CPU
	EndGlobalSection
	GlobalSection(ProjectConfigurationPlatforms) = postSolution
		{52ED4B3E-E9AE-404F-B9CC-02AB8FD98AA9}.Debug|Any CPU.ActiveCfg = Debug|Any CPU
		{52ED4B3E-E9AE-404F-B9CC-02AB8FD98AA9}.Debug|Any CPU.Build.0 = Debug|Any CPU
		{52ED4B3E-E9AE-404F-B9CC-02AB8FD98AA9}.Debug|Any CPU.Deploy.0 = Debug|Any CPU
		{52ED4B3E-E9AE-404F-B9CC-02AB8FD98AA9}.Release|Any CPU.ActiveCfg = Release|Any CPU
		{52ED4B3E-E9AE-404F-B9CC-02AB8FD98AA9}.Release|Any CPU.Build.0 = Release|Any CPU
		{52ED4B3E-E9AE-404F-B9CC-02AB8FD98AA9}.Release|Any CPU.Deploy.0 = Release|Any CPU
		{E7A562C3-93BE-46C4-8703-4466EE0EEE3C}.Debug|Any CPU.ActiveCfg = Debug|Any CPU
		{E7A562C3-93BE-46C4-8703-4466EE0EEE3C}.Debug|Any CPU.Build.0 = Debug|Any CPU
		{E7A562C3-93BE-46C4-8703-4466EE0EEE3C}.Debug|Any CPU.Deploy.0 = Debug|Any CPU
		{E7A562C3-93BE-46C4-8703-4466EE0EEE3C}.Release|Any CPU.ActiveCfg = Release|Any CPU
		{E7A562C3-93BE-46C4-8703-4466EE0EEE3C}.Release|Any CPU.Build.0 = Release|Any CPU
		{E7A562C3-93BE-46C4-8703-4466EE0EEE3C}.Release|Any CPU.Deploy.0 = Release|Any CPU
	EndGlobalSection
	GlobalSection(SolutionProperties) = preSolution
		HideSolutionNode = FALSE
	EndGlobalSection
	GlobalSection(ExtensibilityGlobals) = postSolution
		SolutionGuid = {8BB84788-EB7A-4030-9874-28613717D77C}
	EndGlobalSection
EndGlobal
